
Microsoft Visual Studio Solution File, Format Version 12.00
# Visual Studio Version 16
VisualStudioVersion = 16.0.28917.181
MinimumVisualStudioVersion = 10.0.40219.1
Project("{FAE04EC0-301F-11D3-BF4B-00C04F79EFBC}") = "DevFramework.Core", "DevFramework.Core\DevFramework.Core.csproj", "{0BB2F9B5-D490-4B3C-8869-20BC4858E353}"
EndProject
Project("{FAE04EC0-301F-11D3-BF4B-00C04F79EFBC}") = "DevFramework.DataAccess", "DevFramework.DataAccess\DevFramework.DataAccess.csproj", "{DEE5E59E-4556-41CF-8E1A-CB89C8C07954}"
EndProject
Project("{FAE04EC0-301F-11D3-BF4B-00C04F79EFBC}") = "DevFramework.Business", "DevFramework.Business\DevFramework.Business.csproj", "{11AEF2ED-A2AC-4B77-B8E1-A7DACAE69D61}"
EndProject
Project("{FAE04EC0-301F-11D3-BF4B-00C04F79EFBC}") = "DevFramework.MvcWebUI", "DevFramework.MvcWebUI\DevFramework.MvcWebUI.csproj", "{38685CB0-F5E1-414E-B33D-91E7978A1108}"
EndProject
Project("{FAE04EC0-301F-11D3-BF4B-00C04F79EFBC}") = "DevFramework.Business.Test", "DevFramework.Business.Test\DevFramework.Business.Test.csproj", "{76C42471-5FE0-446F-8B5A-E86A1C0993E3}"
EndProject
Project("{FAE04EC0-301F-11D3-BF4B-00C04F79EFBC}") = "DevFramework.DataAccess.Test", "DevFramework.DataAccess.Test\DevFramework.DataAccess.Test.csproj", "{C68FA1BA-E64A-49B8-82C3-105E41A31EB4}"
EndProject
Project("{FAE04EC0-301F-11D3-BF4B-00C04F79EFBC}") = "DevFramework.Entities", "DevFramework.Entities\DevFramework.Entities.csproj", "{8DD6A6CA-251F-49AC-A8FC-626D39DF471B}"
EndProject
Project("{FAE04EC0-301F-11D3-BF4B-00C04F79EFBC}") = "DevFramework.WebApi", "DevFramework.WebApi\DevFramework.WebApi.csproj", "{C2EB8D5D-EE2E-41ED-8FEB-1E8B0550EC7C}"
EndProject
Project("{FAE04EC0-301F-11D3-BF4B-00C04F79EFBC}") = "DevFramework.WebApi.Tests", "DevFramework.WebApi.Tests\DevFramework.WebApi.Tests.csproj", "{5BE602DE-ED7E-4B9D-81C4-C8697B9F7B69}"
EndProject
Project("{E24C65DC-7377-472B-9ABA-BC803B73C61A}") = "DevFramework.WcfService", "DevFramework.WcfService\", "{FBC5CF2D-395D-4276-B819-7F225E867ECB}"
	ProjectSection(WebsiteProperties) = preProject
		TargetFrameworkMoniker = ".NETFramework,Version%3Dv4.7.2"
		Debug.AspNetCompiler.VirtualPath = "/localhost_62772"
		Debug.AspNetCompiler.PhysicalPath = "DevFramework.WcfService\"
		Debug.AspNetCompiler.TargetPath = "PrecompiledWeb\localhost_62772\"
		Debug.AspNetCompiler.Updateable = "true"
		Debug.AspNetCompiler.ForceOverwrite = "true"
		Debug.AspNetCompiler.FixedNames = "false"
		Debug.AspNetCompiler.Debug = "True"
		Release.AspNetCompiler.VirtualPath = "/localhost_62772"
		Release.AspNetCompiler.PhysicalPath = "DevFramework.WcfService\"
		Release.AspNetCompiler.TargetPath = "PrecompiledWeb\localhost_62772\"
		Release.AspNetCompiler.Updateable = "true"
		Release.AspNetCompiler.ForceOverwrite = "true"
		Release.AspNetCompiler.FixedNames = "false"
		Release.AspNetCompiler.Debug = "False"
		VWDPort = "62772"
		SlnRelativePath = "DevFramework.WcfService\"
		DefaultWebSiteLanguage = "Visual C#"
	EndProjectSection
EndProject
Global
	GlobalSection(SolutionConfigurationPlatforms) = preSolution
		Debug|Any CPU = Debug|Any CPU
		Release|Any CPU = Release|Any CPU
	EndGlobalSection
	GlobalSection(ProjectConfigurationPlatforms) = postSolution
		{0BB2F9B5-D490-4B3C-8869-20BC4858E353}.Debug|Any CPU.ActiveCfg = Debug|Any CPU
		{0BB2F9B5-D490-4B3C-8869-20BC4858E353}.Debug|Any CPU.Build.0 = Debug|Any CPU
		{0BB2F9B5-D490-4B3C-8869-20BC4858E353}.Release|Any CPU.ActiveCfg = Release|Any CPU
		{0BB2F9B5-D490-4B3C-8869-20BC4858E353}.Release|Any CPU.Build.0 = Release|Any CPU
		{DEE5E59E-4556-41CF-8E1A-CB89C8C07954}.Debug|Any CPU.ActiveCfg = Debug|Any CPU
		{DEE5E59E-4556-41CF-8E1A-CB89C8C07954}.Debug|Any CPU.Build.0 = Debug|Any CPU
		{DEE5E59E-4556-41CF-8E1A-CB89C8C07954}.Release|Any CPU.ActiveCfg = Release|Any CPU
		{DEE5E59E-4556-41CF-8E1A-CB89C8C07954}.Release|Any CPU.Build.0 = Release|Any CPU
		{11AEF2ED-A2AC-4B77-B8E1-A7DACAE69D61}.Debug|Any CPU.ActiveCfg = Debug|Any CPU
		{11AEF2ED-A2AC-4B77-B8E1-A7DACAE69D61}.Debug|Any CPU.Build.0 = Debug|Any CPU
		{11AEF2ED-A2AC-4B77-B8E1-A7DACAE69D61}.Release|Any CPU.ActiveCfg = Release|Any CPU
		{11AEF2ED-A2AC-4B77-B8E1-A7DACAE69D61}.Release|Any CPU.Build.0 = Release|Any CPU
		{38685CB0-F5E1-414E-B33D-91E7978A1108}.Debug|Any CPU.ActiveCfg = Debug|Any CPU
		{38685CB0-F5E1-414E-B33D-91E7978A1108}.Debug|Any CPU.Build.0 = Debug|Any CPU
		{38685CB0-F5E1-414E-B33D-91E7978A1108}.Release|Any CPU.ActiveCfg = Release|Any CPU
		{38685CB0-F5E1-414E-B33D-91E7978A1108}.Release|Any CPU.Build.0 = Release|Any CPU
		{76C42471-5FE0-446F-8B5A-E86A1C0993E3}.Debug|Any CPU.ActiveCfg = Debug|Any CPU
		{76C42471-5FE0-446F-8B5A-E86A1C0993E3}.Debug|Any CPU.Build.0 = Debug|Any CPU
		{76C42471-5FE0-446F-8B5A-E86A1C0993E3}.Release|Any CPU.ActiveCfg = Release|Any CPU
		{76C42471-5FE0-446F-8B5A-E86A1C0993E3}.Release|Any CPU.Build.0 = Release|Any CPU
		{C68FA1BA-E64A-49B8-82C3-105E41A31EB4}.Debug|Any CPU.ActiveCfg = Debug|Any CPU
		{C68FA1BA-E64A-49B8-82C3-105E41A31EB4}.Debug|Any CPU.Build.0 = Debug|Any CPU
		{C68FA1BA-E64A-49B8-82C3-105E41A31EB4}.Release|Any CPU.ActiveCfg = Release|Any CPU
		{C68FA1BA-E64A-49B8-82C3-105E41A31EB4}.Release|Any CPU.Build.0 = Release|Any CPU
		{8DD6A6CA-251F-49AC-A8FC-626D39DF471B}.Debug|Any CPU.ActiveCfg = Debug|Any CPU
		{8DD6A6CA-251F-49AC-A8FC-626D39DF471B}.Debug|Any CPU.Build.0 = Debug|Any CPU
		{8DD6A6CA-251F-49AC-A8FC-626D39DF471B}.Release|Any CPU.ActiveCfg = Release|Any CPU
		{8DD6A6CA-251F-49AC-A8FC-626D39DF471B}.Release|Any CPU.Build.0 = Release|Any CPU
		{C2EB8D5D-EE2E-41ED-8FEB-1E8B0550EC7C}.Debug|Any CPU.ActiveCfg = Debug|Any CPU
		{C2EB8D5D-EE2E-41ED-8FEB-1E8B0550EC7C}.Debug|Any CPU.Build.0 = Debug|Any CPU
		{C2EB8D5D-EE2E-41ED-8FEB-1E8B0550EC7C}.Release|Any CPU.ActiveCfg = Release|Any CPU
		{C2EB8D5D-EE2E-41ED-8FEB-1E8B0550EC7C}.Release|Any CPU.Build.0 = Release|Any CPU
		{5BE602DE-ED7E-4B9D-81C4-C8697B9F7B69}.Debug|Any CPU.ActiveCfg = Debug|Any CPU
		{5BE602DE-ED7E-4B9D-81C4-C8697B9F7B69}.Debug|Any CPU.Build.0 = Debug|Any CPU
		{5BE602DE-ED7E-4B9D-81C4-C8697B9F7B69}.Release|Any CPU.ActiveCfg = Release|Any CPU
		{5BE602DE-ED7E-4B9D-81C4-C8697B9F7B69}.Release|Any CPU.Build.0 = Release|Any CPU
		{FBC5CF2D-395D-4276-B819-7F225E867ECB}.Debug|Any CPU.ActiveCfg = Debug|Any CPU
		{FBC5CF2D-395D-4276-B819-7F225E867ECB}.Debug|Any CPU.Build.0 = Debug|Any CPU
		{FBC5CF2D-395D-4276-B819-7F225E867ECB}.Release|Any CPU.ActiveCfg = Debug|Any CPU
		{FBC5CF2D-395D-4276-B819-7F225E867ECB}.Release|Any CPU.Build.0 = Debug|Any CPU
	EndGlobalSection
	GlobalSection(SolutionProperties) = preSolution
		HideSolutionNode = FALSE
	EndGlobalSection
	GlobalSection(ExtensibilityGlobals) = postSolution
		SolutionGuid = {C4505FCE-52B8-4354-B2BB-D6C154E8900B}
	EndGlobalSection
EndGlobal
